
Microsoft Visual Studio Solution File, Format Version 12.00
# Visual Studio 15
VisualStudioVersion = 15.0.27130.2003
MinimumVisualStudioVersion = 10.0.40219.1
Project("{FAE04EC0-301F-11D3-BF4B-00C04F79EFBC}") = "ludaPtica", "ludaPtica\ludaPtica.csproj", "{9434DF6E-F59D-4F17-AFF5-2204D6F209EC}"
EndProject
Global
	GlobalSection(SolutionConfigurationPlatforms) = preSolution
		Debug|Any CPU = Debug|Any CPU
		Release|Any CPU = Release|Any CPU
	EndGlobalSection
	GlobalSection(ProjectConfigurationPlatforms) = postSolution
		{9434DF6E-F59D-4F17-AFF5-2204D6F209EC}.Debug|Any CPU.ActiveCfg = Debug|Any CPU
		{9434DF6E-F59D-4F17-AFF5-2204D6F209EC}.Debug|Any CPU.Build.0 = Debug|Any CPU
		{9434DF6E-F59D-4F17-AFF5-2204D6F209EC}.Release|Any CPU.ActiveCfg = Release|Any CPU
		{9434DF6E-F59D-4F17-AFF5-2204D6F209EC}.Release|Any CPU.Build.0 = Release|Any CPU
	EndGlobalSection
	GlobalSection(SolutionProperties) = preSolution
		HideSolutionNode = FALSE
	EndGlobalSection
	GlobalSection(ExtensibilityGlobals) = postSolution
		SolutionGuid = {A1CB7C43-F269-4269-B29D-331DCFCCF15D}
	EndGlobalSection
EndGlobal
